
Microsoft Visual Studio Solution File, Format Version 11.00
# Visual Studio 2010
Project("{FAE04EC0-301F-11D3-BF4B-00C04F79EFBC}") = "Oculus.Platform", "Oculus.Platform.csproj", "{035cacc4-d839-37a2-6292-f6c526793eaa}"
EndProject
Project("{FAE04EC0-301F-11D3-BF4B-00C04F79EFBC}") = "Assembly-CSharp", "Assembly-CSharp.csproj", "{e41ba01c-2a8d-7959-f00e-3dafaa12156d}"
EndProject
Project("{FAE04EC0-301F-11D3-BF4B-00C04F79EFBC}") = "Oculus.VR", "Oculus.VR.csproj", "{76dccc8e-caff-75d4-2124-474d4f476876}"
EndProject
Project("{FAE04EC0-301F-11D3-BF4B-00C04F79EFBC}") = "Oculus.Platform.Editor", "Oculus.Platform.Editor.csproj", "{1624724f-0cac-85e3-ce6b-1d3640fc23ca}"
EndProject
Project("{FAE04EC0-301F-11D3-BF4B-00C04F79EFBC}") = "Assembly-CSharp-Editor", "Assembly-CSharp-Editor.csproj", "{87eb428e-51f8-0b36-eb3a-0e2885a403d0}"
EndProject
Project("{FAE04EC0-301F-11D3-BF4B-00C04F79EFBC}") = "Oculus.VR.Editor", "Oculus.VR.Editor.csproj", "{4bf6a9dd-3e1a-7644-e2dd-7d2616f7f765}"
EndProject
Project("{FAE04EC0-301F-11D3-BF4B-00C04F79EFBC}") = "Oculus.VR.Scripts.Editor", "Oculus.VR.Scripts.Editor.csproj", "{2ad348ea-7583-3955-2b88-400e553d51d2}"
EndProject
Global
	GlobalSection(SolutionConfigurationPlatforms) = preSolution
		Debug|Any CPU = Debug|Any CPU
	EndGlobalSection
	GlobalSection(ProjectConfigurationPlatforms) = postSolution
		{035cacc4-d839-37a2-6292-f6c526793eaa}.Debug|Any CPU.ActiveCfg = Debug|Any CPU
		{035cacc4-d839-37a2-6292-f6c526793eaa}.Debug|Any CPU.Build.0 = Debug|Any CPU
		{e41ba01c-2a8d-7959-f00e-3dafaa12156d}.Debug|Any CPU.ActiveCfg = Debug|Any CPU
		{e41ba01c-2a8d-7959-f00e-3dafaa12156d}.Debug|Any CPU.Build.0 = Debug|Any CPU
		{76dccc8e-caff-75d4-2124-474d4f476876}.Debug|Any CPU.ActiveCfg = Debug|Any CPU
		{76dccc8e-caff-75d4-2124-474d4f476876}.Debug|Any CPU.Build.0 = Debug|Any CPU
		{1624724f-0cac-85e3-ce6b-1d3640fc23ca}.Debug|Any CPU.ActiveCfg = Debug|Any CPU
		{1624724f-0cac-85e3-ce6b-1d3640fc23ca}.Debug|Any CPU.Build.0 = Debug|Any CPU
		{87eb428e-51f8-0b36-eb3a-0e2885a403d0}.Debug|Any CPU.ActiveCfg = Debug|Any CPU
		{87eb428e-51f8-0b36-eb3a-0e2885a403d0}.Debug|Any CPU.Build.0 = Debug|Any CPU
		{4bf6a9dd-3e1a-7644-e2dd-7d2616f7f765}.Debug|Any CPU.ActiveCfg = Debug|Any CPU
		{4bf6a9dd-3e1a-7644-e2dd-7d2616f7f765}.Debug|Any CPU.Build.0 = Debug|Any CPU
		{2ad348ea-7583-3955-2b88-400e553d51d2}.Debug|Any CPU.ActiveCfg = Debug|Any CPU
		{2ad348ea-7583-3955-2b88-400e553d51d2}.Debug|Any CPU.Build.0 = Debug|Any CPU
	EndGlobalSection
	GlobalSection(SolutionProperties) = preSolution
		HideSolutionNode = FALSE
	EndGlobalSection
EndGlobal
